
Microsoft Visual Studio Solution File, Format Version 12.00
# Visual Studio Version 17
VisualStudioVersion = 17.1.32210.238
MinimumVisualStudioVersion = 10.0.40219.1
Project("{FAE04EC0-301F-11D3-BF4B-00C04F79EFBC}") = "RecapProject1", "RecapProject1\RecapProject1.csproj", "{0E85C1A2-867D-4BDD-973D-7CA09E4E8F55}"
EndProject
Global
	GlobalSection(SolutionConfigurationPlatforms) = preSolution
		Debug|Any CPU = Debug|Any CPU
		Release|Any CPU = Release|Any CPU
	EndGlobalSection
	GlobalSection(ProjectConfigurationPlatforms) = postSolution
		{0E85C1A2-867D-4BDD-973D-7CA09E4E8F55}.Debug|Any CPU.ActiveCfg = Debug|Any CPU
		{0E85C1A2-867D-4BDD-973D-7CA09E4E8F55}.Debug|Any CPU.Build.0 = Debug|Any CPU
		{0E85C1A2-867D-4BDD-973D-7CA09E4E8F55}.Release|Any CPU.ActiveCfg = Release|Any CPU
		{0E85C1A2-867D-4BDD-973D-7CA09E4E8F55}.Release|Any CPU.Build.0 = Release|Any CPU
	EndGlobalSection
	GlobalSection(SolutionProperties) = preSolution
		HideSolutionNode = FALSE
	EndGlobalSection
	GlobalSection(ExtensibilityGlobals) = postSolution
		SolutionGuid = {B1E1DC9C-BD6B-44E0-A680-24B944FEA760}
	EndGlobalSection
EndGlobal
